// !$*UTF8*$!
{
	archiveVersion = 1;
	classes = {
	};
	objectVersion = 50;
	objects = {

/* Begin PBXBuildFile section */
		8C776BEC2269F1B80055B174 /* AppDelegate.m in Sources */ = {isa = PBXBuildFile; fileRef = 8C776BEB2269F1B80055B174 /* AppDelegate.m */; };
		8C776BEF2269F1B80055B174 /* ViewController.m in Sources */ = {isa = PBXBuildFile; fileRef = 8C776BEE2269F1B80055B174 /* ViewController.m */; };
		8C776BF22269F1B80055B174 /* Main.storyboard in Resources */ = {isa = PBXBuildFile; fileRef = 8C776BF02269F1B80055B174 /* Main.storyboard */; };
		8C776BF42269F1BA0055B174 /* Assets.xcassets in Resources */ = {isa = PBXBuildFile; fileRef = 8C776BF32269F1BA0055B174 /* Assets.xcassets */; };
		8C776BF72269F1BA0055B174 /* LaunchScreen.storyboard in Resources */ = {isa = PBXBuildFile; fileRef = 8C776BF52269F1BA0055B174 /* LaunchScreen.storyboard */; };
		8C776BFA2269F1BA0055B174 /* main.m in Sources */ = {isa = PBXBuildFile; fileRef = 8C776BF92269F1BA0055B174 /* main.m */; };
		8C776C042269F1BA0055B174 /* CAGradientLayerAnimationTests.m in Sources */ = {isa = PBXBuildFile; fileRef = 8C776C032269F1BA0055B174 /* CAGradientLayerAnimationTests.m */; };
		8C776C0F2269F1BA0055B174 /* CAGradientLayerAnimationUITests.m in Sources */ = {isa = PBXBuildFile; fileRef = 8C776C0E2269F1BA0055B174 /* CAGradientLayerAnimationUITests.m */; };
		8C776C1E226A05470055B174 /* GradualChangeLabel.m in Sources */ = {isa = PBXBuildFile; fileRef = 8C776C1D226A05470055B174 /* GradualChangeLabel.m */; };
/* End PBXBuildFile section */

/* Begin PBXContainerItemProxy section */
		8C776C002269F1BA0055B174 /* PBXContainerItemProxy */ = {
			isa = PBXContainerItemProxy;
			containerPortal = 8C776BDF2269F1B80055B174 /* Project object */;
			proxyType = 1;
			remoteGlobalIDString = 8C776BE62269F1B80055B174;
			remoteInfo = CAGradientLayerAnimation;
		};
		8C776C0B2269F1BA0055B174 /* PBXContainerItemProxy */ = {
			isa = PBXContainerItemProxy;
			containerPortal = 8C776BDF2269F1B80055B174 /* Project object */;
			proxyType = 1;
			remoteGlobalIDString = 8C776BE62269F1B80055B174;
			remoteInfo = CAGradientLayerAnimation;
		};
/* End PBXContainerItemProxy section */

/* Begin PBXFileReference section */
		8C776BE72269F1B80055B174 /* CAGradientLayerAnimation.app */ = {isa = PBXFileReference; explicitFileType = wrapper.application; includeInIndex = 0; path = CAGradientLayerAnimation.app; sourceTree = BUILT_PRODUCTS_DIR; };
		8C776BEA2269F1B80055B174 /* AppDelegate.h */ = {isa = PBXFileReference; lastKnownFileType = sourcecode.c.h; path = AppDelegate.h; sourceTree = "<group>"; };
		8C776BEB2269F1B80055B174 /* AppDelegate.m */ = {isa = PBXFileReference; lastKnownFileType = sourcecode.c.objc; path = AppDelegate.m; sourceTree = "<group>"; };
		8C776BED2269F1B80055B174 /* ViewController.h */ = {isa = PBXFileReference; lastKnownFileType = sourcecode.c.h; path = ViewController.h; sourceTree = "<group>"; };
		8C776BEE2269F1B80055B174 /* ViewController.m */ = {isa = PBXFileReference; lastKnownFileType = sourcecode.c.objc; path = ViewController.m; sourceTree = "<group>"; };
		8C776BF12269F1B80055B174 /* Base */ = {isa = PBXFileReference; lastKnownFileType = file.storyboard; name = Base; path = Base.lproj/Main.storyboard; sourceTree = "<group>"; };
		8C776BF32269F1BA0055B174 /* Assets.xcassets */ = {isa = PBXFileReference; lastKnownFileType = folder.assetcatalog; path = Assets.xcassets; sourceTree = "<group>"; };
		8C776BF62269F1BA0055B174 /* Base */ = {isa = PBXFileReference; lastKnownFileType = file.storyboard; name = Base; path = Base.lproj/LaunchScreen.storyboard; sourceTree = "<group>"; };
		8C776BF82269F1BA0055B174 /* Info.plist */ = {isa = PBXFileReference; lastKnownFileType = text.plist.xml; path = Info.plist; sourceTree = "<group>"; };
		8C776BF92269F1BA0055B174 /* main.m */ = {isa = PBXFileReference; lastKnownFileType = sourcecode.c.objc; path = main.m; sourceTree = "<group>"; };
		8C776BFF2269F1BA0055B174 /* CAGradientLayerAnimationTests.xctest */ = {isa = PBXFileReference; explicitFileType = wrapper.cfbundle; includeInIndex = 0; path = CAGradientLayerAnimationTests.xctest; sourceTree = BUILT_PRODUCTS_DIR; };
		8C776C032269F1BA0055B174 /* CAGradientLayerAnimationTests.m */ = {isa = PBXFileReference; lastKnownFileType = sourcecode.c.objc; path = CAGradientLayerAnimationTests.m; sourceTree = "<group>"; };
		8C776C052269F1BA0055B174 /* Info.plist */ = {isa = PBXFileReference; lastKnownFileType = text.plist.xml; path = Info.plist; sourceTree = "<group>"; };
		8C776C0A2269F1BA0055B174 /* CAGradientLayerAnimationUITests.xctest */ = {isa = PBXFileReference; explicitFileType = wrapper.cfbundle; includeInIndex = 0; path = CAGradientLayerAnimationUITests.xctest; sourceTree = BUILT_PRODUCTS_DIR; };
		8C776C0E2269F1BA0055B174 /* CAGradientLayerAnimationUITests.m */ = {isa = PBXFileReference; lastKnownFileType = sourcecode.c.objc; path = CAGradientLayerAnimationUITests.m; sourceTree = "<group>"; };
		8C776C102269F1BA0055B174 /* Info.plist */ = {isa = PBXFileReference; lastKnownFileType = text.plist.xml; path = Info.plist; sourceTree = "<group>"; };
		8C776C1C226A05470055B174 /* GradualChangeLabel.h */ = {isa = PBXFileReference; lastKnownFileType = sourcecode.c.h; path = GradualChangeLabel.h; sourceTree = "<group>"; };
		8C776C1D226A05470055B174 /* GradualChangeLabel.m */ = {isa = PBXFileReference; lastKnownFileType = sourcecode.c.objc; path = GradualChangeLabel.m; sourceTree = "<group>"; };
/* End PBXFileReference section */

/* Begin PBXFrameworksBuildPhase section */
		8C776BE42269F1B80055B174 /* Frameworks */ = {
			isa = PBXFrameworksBuildPhase;
			buildActionMask = 2147483647;
			files = (
			);
			runOnlyForDeploymentPostprocessing = 0;
		};
		8C776BFC2269F1BA0055B174 /* Frameworks */ = {
			isa = PBXFrameworksBuildPhase;
			buildActionMask = 2147483647;
			files = (
			);
			runOnlyForDeploymentPostprocessing = 0;
		};
		8C776C072269F1BA0055B174 /* Frameworks */ = {
			isa = PBXFrameworksBuildPhase;
			buildActionMask = 2147483647;
			files = (
			);
			runOnlyForDeploymentPostprocessing = 0;
		};
/* End PBXFrameworksBuildPhase section */

/* Begin PBXGroup section */
		8C776BDE2269F1B80055B174 = {
			isa = PBXGroup;
			children = (
				8C776BE92269F1B80055B174 /* CAGradientLayerAnimation */,
				8C776C022269F1BA0055B174 /* CAGradientLayerAnimationTests */,
				8C776C0D2269F1BA0055B174 /* CAGradientLayerAnimationUITests */,
				8C776BE82269F1B80055B174 /* Products */,
			);
			sourceTree = "<group>";
		};
		8C776BE82269F1B80055B174 /* Products */ = {
			isa = PBXGroup;
			children = (
				8C776BE72269F1B80055B174 /* CAGradientLayerAnimation.app */,
				8C776BFF2269F1BA0055B174 /* CAGradientLayerAnimationTests.xctest */,
				8C776C0A2269F1BA0055B174 /* CAGradientLayerAnimationUITests.xctest */,
			);
			name = Products;
			sourceTree = "<group>";
		};
		8C776BE92269F1B80055B174 /* CAGradientLayerAnimation */ = {
			isa = PBXGroup;
			children = (
				8C776BEA2269F1B80055B174 /* AppDelegate.h */,
				8C776BEB2269F1B80055B174 /* AppDelegate.m */,
				8C776BED2269F1B80055B174 /* ViewController.h */,
				8C776BEE2269F1B80055B174 /* ViewController.m */,
				8C776C1C226A05470055B174 /* GradualChangeLabel.h */,
				8C776C1D226A05470055B174 /* GradualChangeLabel.m */,
				8C776BF02269F1B80055B174 /* Main.storyboard */,
				8C776BF32269F1BA0055B174 /* Assets.xcassets */,
				8C776BF52269F1BA0055B174 /* LaunchScreen.storyboard */,
				8C776BF82269F1BA0055B174 /* Info.plist */,
				8C776BF92269F1BA0055B174 /* main.m */,
			);
			path = CAGradientLayerAnimation;
			sourceTree = "<group>";
		};
		8C776C022269F1BA0055B174 /* CAGradientLayerAnimationTests */ = {
			isa = PBXGroup;
			children = (
				8C776C032269F1BA0055B174 /* CAGradientLayerAnimationTests.m */,
				8C776C052269F1BA0055B174 /* Info.plist */,
			);
			path = CAGradientLayerAnimationTests;
			sourceTree = "<group>";
		};
		8C776C0D2269F1BA0055B174 /* CAGradientLayerAnimationUITests */ = {
			isa = PBXGroup;
			children = (
				8C776C0E2269F1BA0055B174 /* CAGradientLayerAnimationUITests.m */,
				8C776C102269F1BA0055B174 /* Info.plist */,
			);
			path = CAGradientLayerAnimationUITests;
			sourceTree = "<group>";
		};
/* End PBXGroup section */

/* Begin PBXNativeTarget section */
		8C776BE62269F1B80055B174 /* CAGradientLayerAnimation */ = {
			isa = PBXNativeTarget;
			buildConfigurationList = 8C776C132269F1BA0055B174 /* Build configuration list for PBXNativeTarget "CAGradientLayerAnimation" */;
			buildPhases = (
				8C776BE32269F1B80055B174 /* Sources */,
				8C776BE42269F1B80055B174 /* Frameworks */,
				8C776BE52269F1B80055B174 /* Resources */,
			);
			buildRules = (
			);
			dependencies = (
			);
			name = CAGradientLayerAnimation;
			productName = CAGradientLayerAnimation;
			productReference = 8C776BE72269F1B80055B174 /* CAGradientLayerAnimation.app */;
			productType = "com.apple.product-type.application";
		};
		8C776BFE2269F1BA0055B174 /* CAGradientLayerAnimationTests */ = {
			isa = PBXNativeTarget;
			buildConfigurationList = 8C776C162269F1BA0055B174 /* Build configuration list for PBXNativeTarget "CAGradientLayerAnimationTests" */;
			buildPhases = (
				8C776BFB2269F1BA0055B174 /* Sources */,
				8C776BFC2269F1BA0055B174 /* Frameworks */,
				8C776BFD2269F1BA0055B174 /* Resources */,
			);
			buildRules = (
			);
			dependencies = (
				8C776C012269F1BA0055B174 /* PBXTargetDependency */,
			);
			name = CAGradientLayerAnimationTests;
			productName = CAGradientLayerAnimationTests;
			productReference = 8C776BFF2269F1BA0055B174 /* CAGradientLayerAnimationTests.xctest */;
			productType = "com.apple.product-type.bundle.unit-test";
		};
		8C776C092269F1BA0055B174 /* CAGradientLayerAnimationUITests */ = {
			isa = PBXNativeTarget;
			buildConfigurationList = 8C776C192269F1BA0055B174 /* Build configuration list for PBXNativeTarget "CAGradientLayerAnimationUITests" */;
			buildPhases = (
				8C776C062269F1BA0055B174 /* Sources */,
				8C776C072269F1BA0055B174 /* Frameworks */,
				8C776C082269F1BA0055B174 /* Resources */,
			);
			buildRules = (
			);
			dependencies = (
				8C776C0C2269F1BA0055B174 /* PBXTargetDependency */,
			);
			name = CAGradientLayerAnimationUITests;
			productName = CAGradientLayerAnimationUITests;
			productReference = 8C776C0A2269F1BA0055B174 /* CAGradientLayerAnimationUITests.xctest */;
			productType = "com.apple.product-type.bundle.ui-testing";
		};
/* End PBXNativeTarget section */

/* Begin PBXProject section */
		8C776BDF2269F1B80055B174 /* Project object */ = {
			isa = PBXProject;
			attributes = {
				LastUpgradeCheck = 1010;
				ORGANIZATIONNAME = jpz;
				TargetAttributes = {
					8C776BE62269F1B80055B174 = {
						CreatedOnToolsVersion = 10.1;
					};
					8C776BFE2269F1BA0055B174 = {
						CreatedOnToolsVersion = 10.1;
						TestTargetID = 8C776BE62269F1B80055B174;
					};
					8C776C092269F1BA0055B174 = {
						CreatedOnToolsVersion = 10.1;
						TestTargetID = 8C776BE62269F1B80055B174;
					};
				};
			};
			buildConfigurationList = 8C776BE22269F1B80055B174 /* Build configuration list for PBXProject "CAGradientLayerAnimation" */;
			compatibilityVersion = "Xcode 9.3";
			developmentRegion = en;
			hasScannedForEncodings = 0;
			knownRegions = (
				en,
				Base,
			);
			mainGroup = 8C776BDE2269F1B80055B174;
			productRefGroup = 8C776BE82269F1B80055B174 /* Products */;
			projectDirPath = "";
			projectRoot = "";
			targets = (
				8C776BE62269F1B80055B174 /* CAGradientLayerAnimation */,
				8C776BFE2269F1BA0055B174 /* CAGradientLayerAnimationTests */,
				8C776C092269F1BA0055B174 /* CAGradientLayerAnimationUITests */,
			);
		};
/* End PBXProject section */

/* Begin PBXResourcesBuildPhase section */
		8C776BE52269F1B80055B174 /* Resources */ = {
			isa = PBXResourcesBuildPhase;
			buildActionMask = 2147483647;
			files = (
				8C776BF72269F1BA0055B174 /* LaunchScreen.storyboard in Resources */,
				8C776BF42269F1BA0055B174 /* Assets.xcassets in Resources */,
				8C776BF22269F1B80055B174 /* Main.storyboard in Resources */,
			);
			runOnlyForDeploymentPostprocessing = 0;
		};
		8C776BFD2269F1BA0055B174 /* Resources */ = {
			isa = PBXResourcesBuildPhase;
			buildActionMask = 2147483647;
			files = (
			);
			runOnlyForDeploymentPostprocessing = 0;
		};
		8C776C082269F1BA0055B174 /* Resources */ = {
			isa = PBXResourcesBuildPhase;
			buildActionMask = 2147483647;
			files = (
			);
			runOnlyForDeploymentPostprocessing = 0;
		};
/* End PBXResourcesBuildPhase section */

/* Begin PBXSourcesBuildPhase section */
		8C776BE32269F1B80055B174 /* Sources */ = {
			isa = PBXSourcesBuildPhase;
			buildActionMask = 2147483647;
			files = (
				8C776BEF2269F1B80055B174 /* ViewController.m in Sources */,
				8C776C1E226A05470055B174 /* GradualChangeLabel.m in Sources */,
				8C776BFA2269F1BA0055B174 /* main.m in Sources */,
				8C776BEC2269F1B80055B174 /* AppDelegate.m in Sources */,
			);
			runOnlyForDeploymentPostprocessing = 0;
		};
		8C776BFB2269F1BA0055B174 /* Sources */ = {
			isa = PBXSourcesBuildPhase;
			buildActionMask = 2147483647;
			files = (
				8C776C042269F1BA0055B174 /* CAGradientLayerAnimationTests.m in Sources */,
			);
			runOnlyForDeploymentPostprocessing = 0;
		};
		8C776C062269F1BA0055B174 /* Sources */ = {
			isa = PBXSourcesBuildPhase;
			buildActionMask = 2147483647;
			files = (
				8C776C0F2269F1BA0055B174 /* CAGradientLayerAnimationUITests.m in Sources */,
			);
			runOnlyForDeploymentPostprocessing = 0;
		};
/* End PBXSourcesBuildPhase section */

/* Begin PBXTargetDependency section */
		8C776C012269F1BA0055B174 /* PBXTargetDependency */ = {
			isa = PBXTargetDependency;
			target = 8C776BE62269F1B80055B174 /* CAGradientLayerAnimation */;
			targetProxy = 8C776C002269F1BA0055B174 /* PBXContainerItemProxy */;
		};
		8C776C0C2269F1BA0055B174 /* PBXTargetDependency */ = {
			isa = PBXTargetDependency;
			target = 8C776BE62269F1B80055B174 /* CAGradientLayerAnimation */;
			targetProxy = 8C776C0B2269F1BA0055B174 /* PBXContainerItemProxy */;
		};
/* End PBXTargetDependency section */

/* Begin PBXVariantGroup section */
		8C776BF02269F1B80055B174 /* Main.storyboard */ = {
			isa = PBXVariantGroup;
			children = (
				8C776BF12269F1B80055B174 /* Base */,
			);
			name = Main.storyboard;
			sourceTree = "<group>";
		};
		8C776BF52269F1BA0055B174 /* LaunchScreen.storyboard */ = {
			isa = PBXVariantGroup;
			children = (
				8C776BF62269F1BA0055B174 /* Base */,
			);
			name = LaunchScreen.storyboard;
			sourceTree = "<group>";
		};
/* End PBXVariantGroup section */

/* Begin XCBuildConfiguration section */
		8C776C112269F1BA0055B174 /* Debug */ = {
			isa = XCBuildConfiguration;
			buildSettings = {
				ALWAYS_SEARCH_USER_PATHS = NO;
				CLANG_ANALYZER_NONNULL = YES;
				CLANG_ANALYZER_NUMBER_OBJECT_CONVERSION = YES_AGGRESSIVE;
				CLANG_CXX_LANGUAGE_STANDARD = "gnu++14";
				CLANG_CXX_LIBRARY = "libc++";
				CLANG_ENABLE_MODULES = YES;
				CLANG_ENABLE_OBJC_ARC = YES;
				CLANG_ENABLE_OBJC_WEAK = YES;
				CLANG_WARN_BLOCK_CAPTURE_AUTORELEASING = YES;
				CLANG_WARN_BOOL_CONVERSION = YES;
				CLANG_WARN_COMMA = YES;
				CLANG_WARN_CONSTANT_CONVERSION = YES;
				CLANG_WARN_DEPRECATED_OBJC_IMPLEMENTATIONS = YES;
				CLANG_WARN_DIRECT_OBJC_ISA_USAGE = YES_ERROR;
				CLANG_WARN_DOCUMENTATION_COMMENTS = YES;
				CLANG_WARN_EMPTY_BODY = YES;
				CLANG_WARN_ENUM_CONVERSION = YES;
				CLANG_WARN_INFINITE_RECURSION = YES;
				CLANG_WARN_INT_CONVERSION = YES;
				CLANG_WARN_NON_LITERAL_NULL_CONVERSION = YES;
				CLANG_WARN_OBJC_IMPLICIT_RETAIN_SELF = YES;
				CLANG_WARN_OBJC_LITERAL_CONVERSION = YES;
				CLANG_WARN_OBJC_ROOT_CLASS = YES_ERROR;
				CLANG_WARN_RANGE_LOOP_ANALYSIS = YES;
				CLANG_WARN_STRICT_PROTOTYPES = YES;
				CLANG_WARN_SUSPICIOUS_MOVE = YES;
				CLANG_WARN_UNGUARDED_AVAILABILITY = YES_AGGRESSIVE;
				CLANG_WARN_UNREACHABLE_CODE = YES;
				CLANG_WARN__DUPLICATE_METHOD_MATCH = YES;
				CODE_SIGN_IDENTITY = "iPhone Developer";
				COPY_PHASE_STRIP = NO;
				DEBUG_INFORMATION_FORMAT = dwarf;
				ENABLE_STRICT_OBJC_MSGSEND = YES;
				ENABLE_TESTABILITY = YES;
				GCC_C_LANGUAGE_STANDARD = gnu11;
				GCC_DYNAMIC_NO_PIC = NO;
				GCC_NO_COMMON_BLOCKS = YES;
				GCC_OPTIMIZATION_LEVEL = 0;
				GCC_PREPROCESSOR_DEFINITIONS = (
					"DEBUG=1",
					"$(inherited)",
				);
				GCC_WARN_64_TO_32_BIT_CONVERSION = YES;
				GCC_WARN_ABOUT_RETURN_TYPE = YES_ERROR;
				GCC_WARN_UNDECLARED_SELECTOR = YES;
				GCC_WARN_UNINITIALIZED_AUTOS = YES_AGGRESSIVE;
				GCC_WARN_UNUSED_FUNCTION = YES;
				GCC_WARN_UNUSED_VARIABLE = YES;
				IPHONEOS_DEPLOYMENT_TARGET = 12.1;
				MTL_ENABLE_DEBUG_INFO = INCLUDE_SOURCE;
				MTL_FAST_MATH = YES;
				ONLY_ACTIVE_ARCH = YES;
				SDKROOT = iphoneos;
			};
			name = Debug;
		};
		8C776C122269F1BA0055B174 /* Release */ = {
			isa = XCBuildConfiguration;
			buildSettings = {
				ALWAYS_SEARCH_USER_PATHS = NO;
				CLANG_ANALYZER_NONNULL = YES;
				CLANG_ANALYZER_NUMBER_OBJECT_CONVERSION = YES_AGGRESSIVE;
				CLANG_CXX_LANGUAGE_STANDARD = "gnu++14";
				CLANG_CXX_LIBRARY = "libc++";
				CLANG_ENABLE_MODULES = YES;
				CLANG_ENABLE_OBJC_ARC = YES;
				CLANG_ENABLE_OBJC_WEAK = YES;
				CLANG_WARN_BLOCK_CAPTURE_AUTORELEASING = YES;
				CLANG_WARN_BOOL_CONVERSION = YES;
				CLANG_WARN_COMMA = YES;
				CLANG_WARN_CONSTANT_CONVERSION = YES;
				CLANG_WARN_DEPRECATED_OBJC_IMPLEMENTATIONS = YES;
				CLANG_WARN_DIRECT_OBJC_ISA_USAGE = YES_ERROR;
				CLANG_WARN_DOCUMENTATION_COMMENTS = YES;
				CLANG_WARN_EMPTY_BODY = YES;
				CLANG_WARN_ENUM_CONVERSION = YES;
				CLANG_WARN_INFINITE_RECURSION = YES;
				CLANG_WARN_INT_CONVERSION = YES;
				CLANG_WARN_NON_LITERAL_NULL_CONVERSION = YES;
				CLANG_WARN_OBJC_IMPLICIT_RETAIN_SELF = YES;
				CLANG_WARN_OBJC_LITERAL_CONVERSION = YES;
				CLANG_WARN_OBJC_ROOT_CLASS = YES_ERROR;
				CLANG_WARN_RANGE_LOOP_ANALYSIS = YES;
				CLANG_WARN_STRICT_PROTOTYPES = YES;
				CLANG_WARN_SUSPICIOUS_MOVE = YES;
				CLANG_WARN_UNGUARDED_AVAILABILITY = YES_AGGRESSIVE;
				CLANG_WARN_UNREACHABLE_CODE = YES;
				CLANG_WARN__DUPLICATE_METHOD_MATCH = YES;
				CODE_SIGN_IDENTITY = "iPhone Developer";
				COPY_PHASE_STRIP = NO;
				DEBUG_INFORMATION_FORMAT = "dwarf-with-dsym";
				ENABLE_NS_ASSERTIONS = NO;
				ENABLE_STRICT_OBJC_MSGSEND = YES;
				GCC_C_LANGUAGE_STANDARD = gnu11;
				GCC_NO_COMMON_BLOCKS = YES;
				GCC_WARN_64_TO_32_BIT_CONVERSION = YES;
				GCC_WARN_ABOUT_RETURN_TYPE = YES_ERROR;
				GCC_WARN_UNDECLARED_SELECTOR = YES;
				GCC_WARN_UNINITIALIZED_AUTOS = YES_AGGRESSIVE;
				GCC_WARN_UNUSED_FUNCTION = YES;
				GCC_WARN_UNUSED_VARIABLE = YES;
				IPHONEOS_DEPLOYMENT_TARGET = 12.1;
				MTL_ENABLE_DEBUG_INFO = NO;
				MTL_FAST_MATH = YES;
				SDKROOT = iphoneos;
				VALIDATE_PRODUCT = YES;
			};
			name = Release;
		};
		8C776C142269F1BA0055B174 /* Debug */ = {
			isa = XCBuildConfiguration;
			buildSettings = {
				ASSETCATALOG_COMPILER_APPICON_NAME = AppIcon;
				CODE_SIGN_STYLE = Automatic;
				INFOPLIST_FILE = CAGradientLayerAnimation/Info.plist;
				LD_RUNPATH_SEARCH_PATHS = (
					"$(inherited)",
					"@executable_path/Frameworks",
				);
				PRODUCT_BUNDLE_IDENTIFIER = jpz.CAGradientLayerAnimation;
				PRODUCT_NAME = "$(TARGET_NAME)";
				TARGETED_DEVICE_FAMILY = "1,2";
			};
			name = Debug;
		};
		8C776C152269F1BA0055B174 /* Release */ = {
			isa = XCBuildConfiguration;
			buildSettings = {
				ASSETCATALOG_COMPILER_APPICON_NAME = AppIcon;
				CODE_SIGN_STYLE = Automatic;
				INFOPLIST_FILE = CAGradientLayerAnimation/Info.plist;
				LD_RUNPATH_SEARCH_PATHS = (
					"$(inherited)",
					"@executable_path/Frameworks",
				);
				PRODUCT_BUNDLE_IDENTIFIER = jpz.CAGradientLayerAnimation;
				PRODUCT_NAME = "$(TARGET_NAME)";
				TARGETED_DEVICE_FAMILY = "1,2";
			};
			name = Release;
		};
		8C776C172269F1BA0055B174 /* Debug */ = {
			isa = XCBuildConfiguration;
			buildSettings = {
				BUNDLE_LOADER = "$(TEST_HOST)";
				CODE_SIGN_STYLE = Automatic;
				INFOPLIST_FILE = CAGradientLayerAnimationTests/Info.plist;
				LD_RUNPATH_SEARCH_PATHS = (
					"$(inherited)",
					"@executable_path/Frameworks",
					"@loader_path/Frameworks",
				);
				PRODUCT_BUNDLE_IDENTIFIER = jpz.CAGradientLayerAnimationTests;
				PRODUCT_NAME = "$(TARGET_NAME)";
				TARGETED_DEVICE_FAMILY = "1,2";
				TEST_HOST = "$(BUILT_PRODUCTS_DIR)/CAGradientLayerAnimation.app/CAGradientLayerAnimation";
			};
			name = Debug;
		};
		8C776C182269F1BA0055B174 /* Release */ = {
			isa = XCBuildConfiguration;
			buildSettings = {
				BUNDLE_LOADER = "$(TEST_HOST)";
				CODE_SIGN_STYLE = Automatic;
				INFOPLIST_FILE = CAGradientLayerAnimationTests/Info.plist;
				LD_RUNPATH_SEARCH_PATHS = (
					"$(inherited)",
					"@executable_path/Frameworks",
					"@loader_path/Frameworks",
				);
				PRODUCT_BUNDLE_IDENTIFIER = jpz.CAGradientLayerAnimationTests;
				PRODUCT_NAME = "$(TARGET_NAME)";
				TARGETED_DEVICE_FAMILY = "1,2";
				TEST_HOST = "$(BUILT_PRODUCTS_DIR)/CAGradientLayerAnimation.app/CAGradientLayerAnimation";
			};
			name = Release;
		};
		8C776C1A2269F1BA0055B174 /* Debug */ = {
			isa = XCBuildConfiguration;
			buildSettings = {
				CODE_SIGN_STYLE = Automatic;
				INFOPLIST_FILE = CAGradientLayerAnimationUITests/Info.plist;
				LD_RUNPATH_SEARCH_PATHS = (
					"$(inherited)",
					"@executable_path/Frameworks",
					"@loader_path/Frameworks",
				);
				PRODUCT_BUNDLE_IDENTIFIER = jpz.CAGradientLayerAnimationUITests;
				PRODUCT_NAME = "$(TARGET_NAME)";
				TARGETED_DEVICE_FAMILY = "1,2";
				TEST_TARGET_NAME = CAGradientLayerAnimation;
			};
			name = Debug;
		};
		8C776C1B2269F1BA0055B174 /* Release */ = {
			isa = XCBuildConfiguration;
			buildSettings = {
				CODE_SIGN_STYLE = Automatic;
				INFOPLIST_FILE = CAGradientLayerAnimationUITests/Info.plist;
				LD_RUNPATH_SEARCH_PATHS = (
					"$(inherited)",
					"@executable_path/Frameworks",
					"@loader_path/Frameworks",
				);
				PRODUCT_BUNDLE_IDENTIFIER = jpz.CAGradientLayerAnimationUITests;
				PRODUCT_NAME = "$(TARGET_NAME)";
				TARGETED_DEVICE_FAMILY = "1,2";
				TEST_TARGET_NAME = CAGradientLayerAnimation;
			};
			name = Release;
		};
/* End XCBuildConfiguration section */

/* Begin XCConfigurationList section */
		8C776BE22269F1B80055B174 /* Build configuration list for PBXProject "CAGradientLayerAnimation" */ = {
			isa = XCConfigurationList;
			buildConfigurations = (
				8C776C112269F1BA0055B174 /* Debug */,
				8C776C122269F1BA0055B174 /* Release */,
			);
			defaultConfigurationIsVisible = 0;
			defaultConfigurationName = Release;
		};
		8C776C132269F1BA0055B174 /* Build configuration list for PBXNativeTarget "CAGradientLayerAnimation" */ = {
			isa = XCConfigurationList;
			buildConfigurations = (
				8C776C142269F1BA0055B174 /* Debug */,
				8C776C152269F1BA0055B174 /* Release */,
			);
			defaultConfigurationIsVisible = 0;
			defaultConfigurationName = Release;
		};
		8C776C162269F1BA0055B174 /* Build configuration list for PBXNativeTarget "CAGradientLayerAnimationTests" */ = {
			isa = XCConfigurationList;
			buildConfigurations = (
				8C776C172269F1BA0055B174 /* Debug */,
				8C776C182269F1BA0055B174 /* Release */,
			);
			defaultConfigurationIsVisible = 0;
			defaultConfigurationName = Release;
		};
		8C776C192269F1BA0055B174 /* Build configuration list for PBXNativeTarget "CAGradientLayerAnimationUITests" */ = {
			isa = XCConfigurationList;
			buildConfigurations = (
				8C776C1A2269F1BA0055B174 /* Debug */,
				8C776C1B2269F1BA0055B174 /* Release */,
			);
			defaultConfigurationIsVisible = 0;
			defaultConfigurationName = Release;
		};
/* End XCConfigurationList section */
	};
	rootObject = 8C776BDF2269F1B80055B174 /* Project object */;
}
